{
  "name": "Chatinger-v2",
  "lockfileVersion": 3,
  "requires": true,
  "packages": {
    "": {
      "dependencies": {
        "@zegocloud/zego-uikit-prebuilt": "^1.6.3"
      }
    },
    "node_modules/@zegocloud/zego-uikit-prebuilt": {
      "version": "1.6.3",
      "resolved": "https://registry.npmjs.org/@zegocloud/zego-uikit-prebuilt/-/zego-uikit-prebuilt-1.6.3.tgz",
      "integrity": "sha512-jFy4i7ckn72Lmi/HajGNwqb1BfMnNdhzQElmWyXK1Lqsdqc9IlQJjQ5QrTmy9rr7qMNmHVZUCax6yGzfuFypKg=="
    }
  }
}
